
Microsoft Visual Studio Solution File, Format Version 12.00
# Visual Studio 15
VisualStudioVersion = 15.0.26430.16
MinimumVisualStudioVersion = 10.0.40219.1
Project("{9A19103F-16F7-4668-BE54-9A1E7A4F7556}") = "coscup2017_grpc_csharp", "coscup2017_grpc_csharp.csproj", "{D1E19A61-BC1D-4268-B513-A4C4EDD9FD82}"
EndProject
Global
	GlobalSection(SolutionConfigurationPlatforms) = preSolution
		Debug|Any CPU = Debug|Any CPU
		Release|Any CPU = Release|Any CPU
	EndGlobalSection
	GlobalSection(ProjectConfigurationPlatforms) = postSolution
		{D1E19A61-BC1D-4268-B513-A4C4EDD9FD82}.Debug|Any CPU.ActiveCfg = Debug|Any CPU
		{D1E19A61-BC1D-4268-B513-A4C4EDD9FD82}.Debug|Any CPU.Build.0 = Debug|Any CPU
		{D1E19A61-BC1D-4268-B513-A4C4EDD9FD82}.Release|Any CPU.ActiveCfg = Release|Any CPU
		{D1E19A61-BC1D-4268-B513-A4C4EDD9FD82}.Release|Any CPU.Build.0 = Release|Any CPU
	EndGlobalSection
	GlobalSection(SolutionProperties) = preSolution
		HideSolutionNode = FALSE
	EndGlobalSection
EndGlobal
